// !$*UTF8*$!
{
	archiveVersion = 1;
	classes = {
	};
	objectVersion = 50;
	objects = {

/* Begin PBXBuildFile section */
		07FD9B3C232CE9DF0028D082 /* AppDelegate.swift in Sources */ = {isa = PBXBuildFile; fileRef = 07FD9B3B232CE9DF0028D082 /* AppDelegate.swift */; };
		07FD9B3E232CE9E00028D082 /* ViewController.swift in Sources */ = {isa = PBXBuildFile; fileRef = 07FD9B3D232CE9E00028D082 /* ViewController.swift */; };
		07FD9B41232CE9E10028D082 /* Main.storyboard in Resources */ = {isa = PBXBuildFile; fileRef = 07FD9B3F232CE9E10028D082 /* Main.storyboard */; };
		07FD9B44232CE9E90028D082 /* PopUpProject.xcdatamodeld in Sources */ = {isa = PBXBuildFile; fileRef = 07FD9B42232CE9E80028D082 /* PopUpProject.xcdatamodeld */; };
		07FD9B46232CEA2A0028D082 /* Assets.xcassets in Resources */ = {isa = PBXBuildFile; fileRef = 07FD9B45232CEA2A0028D082 /* Assets.xcassets */; };
		07FD9B49232CEA2A0028D082 /* LaunchScreen.storyboard in Resources */ = {isa = PBXBuildFile; fileRef = 07FD9B47232CEA2A0028D082 /* LaunchScreen.storyboard */; };
		07FD9B51232CFF900028D082 /* MainViewController.swift in Sources */ = {isa = PBXBuildFile; fileRef = 07FD9B50232CFF900028D082 /* MainViewController.swift */; };
/* End PBXBuildFile section */

/* Begin PBXFileReference section */
		07FD9B38232CE9DD0028D082 /* PopUpProject.app */ = {isa = PBXFileReference; explicitFileType = wrapper.application; includeInIndex = 0; path = PopUpProject.app; sourceTree = BUILT_PRODUCTS_DIR; };
		07FD9B3B232CE9DF0028D082 /* AppDelegate.swift */ = {isa = PBXFileReference; lastKnownFileType = sourcecode.swift; path = AppDelegate.swift; sourceTree = "<group>"; };
		07FD9B3D232CE9E00028D082 /* ViewController.swift */ = {isa = PBXFileReference; lastKnownFileType = sourcecode.swift; path = ViewController.swift; sourceTree = "<group>"; };
		07FD9B40232CE9E10028D082 /* Base */ = {isa = PBXFileReference; lastKnownFileType = file.storyboard; name = Base; path = Base.lproj/Main.storyboard; sourceTree = "<group>"; };
		07FD9B43232CE9E80028D082 /* PopUpProject.xcdatamodel */ = {isa = PBXFileReference; lastKnownFileType = wrapper.xcdatamodel; path = PopUpProject.xcdatamodel; sourceTree = "<group>"; };
		07FD9B45232CEA2A0028D082 /* Assets.xcassets */ = {isa = PBXFileReference; lastKnownFileType = folder.assetcatalog; path = Assets.xcassets; sourceTree = "<group>"; };
		07FD9B48232CEA2A0028D082 /* Base */ = {isa = PBXFileReference; lastKnownFileType = file.storyboard; name = Base; path = Base.lproj/LaunchScreen.storyboard; sourceTree = "<group>"; };
		07FD9B4A232CEA2A0028D082 /* Info.plist */ = {isa = PBXFileReference; lastKnownFileType = text.plist.xml; path = Info.plist; sourceTree = "<group>"; };
		07FD9B50232CFF900028D082 /* MainViewController.swift */ = {isa = PBXFileReference; lastKnownFileType = sourcecode.swift; path = MainViewController.swift; sourceTree = "<group>"; };
/* End PBXFileReference section */

/* Begin PBXFrameworksBuildPhase section */
		07FD9B35232CE9DD0028D082 /* Frameworks */ = {
			isa = PBXFrameworksBuildPhase;
			buildActionMask = 2147483647;
			files = (
			);
			runOnlyForDeploymentPostprocessing = 0;
		};
/* End PBXFrameworksBuildPhase section */

/* Begin PBXGroup section */
		07FD9B2F232CE9DA0028D082 = {
			isa = PBXGroup;
			children = (
				07FD9B3A232CE9DE0028D082 /* PopUpProject */,
				07FD9B39232CE9DD0028D082 /* Products */,
			);
			sourceTree = "<group>";
		};
		07FD9B39232CE9DD0028D082 /* Products */ = {
			isa = PBXGroup;
			children = (
				07FD9B38232CE9DD0028D082 /* PopUpProject.app */,
			);
			name = Products;
			sourceTree = "<group>";
		};
		07FD9B3A232CE9DE0028D082 /* PopUpProject */ = {
			isa = PBXGroup;
			children = (
				07FD9B3B232CE9DF0028D082 /* AppDelegate.swift */,
				07FD9B3D232CE9E00028D082 /* ViewController.swift */,
				07FD9B3F232CE9E10028D082 /* Main.storyboard */,
				07FD9B50232CFF900028D082 /* MainViewController.swift */,
				07FD9B45232CEA2A0028D082 /* Assets.xcassets */,
				07FD9B47232CEA2A0028D082 /* LaunchScreen.storyboard */,
				07FD9B4A232CEA2A0028D082 /* Info.plist */,
				07FD9B42232CE9E80028D082 /* PopUpProject.xcdatamodeld */,
			);
			path = PopUpProject;
			sourceTree = "<group>";
		};
/* End PBXGroup section */

/* Begin PBXNativeTarget section */
		07FD9B37232CE9DD0028D082 /* PopUpProject */ = {
			isa = PBXNativeTarget;
			buildConfigurationList = 07FD9B4D232CEA2B0028D082 /* Build configuration list for PBXNativeTarget "PopUpProject" */;
			buildPhases = (
				07FD9B34232CE9DD0028D082 /* Sources */,
				07FD9B35232CE9DD0028D082 /* Frameworks */,
				07FD9B36232CE9DD0028D082 /* Resources */,
			);
			buildRules = (
			);
			dependencies = (
			);
			name = PopUpProject;
			productName = PopUpProject;
			productReference = 07FD9B38232CE9DD0028D082 /* PopUpProject.app */;
			productType = "com.apple.product-type.application";
		};
/* End PBXNativeTarget section */

/* Begin PBXProject section */
		07FD9B30232CE9DB0028D082 /* Project object */ = {
			isa = PBXProject;
			attributes = {
				LastSwiftUpdateCheck = 0940;
				LastUpgradeCheck = 0940;
				ORGANIZATIONNAME = Capgemini;
				TargetAttributes = {
					07FD9B37232CE9DD0028D082 = {
						CreatedOnToolsVersion = 9.4.1;
					};
				};
			};
			buildConfigurationList = 07FD9B33232CE9DB0028D082 /* Build configuration list for PBXProject "PopUpProject" */;
			compatibilityVersion = "Xcode 9.3";
			developmentRegion = en;
			hasScannedForEncodings = 0;
			knownRegions = (
				en,
				Base,
			);
			mainGroup = 07FD9B2F232CE9DA0028D082;
			productRefGroup = 07FD9B39232CE9DD0028D082 /* Products */;
			projectDirPath = "";
			projectRoot = "";
			targets = (
				07FD9B37232CE9DD0028D082 /* PopUpProject */,
			);
		};
/* End PBXProject section */

/* Begin PBXResourcesBuildPhase section */
		07FD9B36232CE9DD0028D082 /* Resources */ = {
			isa = PBXResourcesBuildPhase;
			buildActionMask = 2147483647;
			files = (
				07FD9B49232CEA2A0028D082 /* LaunchScreen.storyboard in Resources */,
				07FD9B46232CEA2A0028D082 /* Assets.xcassets in Resources */,
				07FD9B41232CE9E10028D082 /* Main.storyboard in Resources */,
			);
			runOnlyForDeploymentPostprocessing = 0;
		};
/* End PBXResourcesBuildPhase section */

/* Begin PBXSourcesBuildPhase section */
		07FD9B34232CE9DD0028D082 /* Sources */ = {
			isa = PBXSourcesBuildPhase;
			buildActionMask = 2147483647;
			files = (
				07FD9B3E232CE9E00028D082 /* ViewController.swift in Sources */,
				07FD9B3C232CE9DF0028D082 /* AppDelegate.swift in Sources */,
				07FD9B44232CE9E90028D082 /* PopUpProject.xcdatamodeld in Sources */,
				07FD9B51232CFF900028D082 /* MainViewController.swift in Sources */,
			);
			runOnlyForDeploymentPostprocessing = 0;
		};
/* End PBXSourcesBuildPhase section */

/* Begin PBXVariantGroup section */
		07FD9B3F232CE9E10028D082 /* Main.storyboard */ = {
			isa = PBXVariantGroup;
			children = (
				07FD9B40232CE9E10028D082 /* Base */,
			);
			name = Main.storyboard;
			sourceTree = "<group>";
		};
		07FD9B47232CEA2A0028D082 /* LaunchScreen.storyboard */ = {
			isa = PBXVariantGroup;
			children = (
				07FD9B48232CEA2A0028D082 /* Base */,
			);
			name = LaunchScreen.storyboard;
			sourceTree = "<group>";
		};
/* End PBXVariantGroup section */

/* Begin XCBuildConfiguration section */
		07FD9B4B232CEA2A0028D082 /* Debug */ = {
			isa = XCBuildConfiguration;
			buildSettings = {
				ALWAYS_SEARCH_USER_PATHS = NO;
				CLANG_ANALYZER_NONNULL = YES;
				CLANG_ANALYZER_NUMBER_OBJECT_CONVERSION = YES_AGGRESSIVE;
				CLANG_CXX_LANGUAGE_STANDARD = "gnu++14";
				CLANG_CXX_LIBRARY = "libc++";
				CLANG_ENABLE_MODULES = YES;
				CLANG_ENABLE_OBJC_ARC = YES;
				CLANG_ENABLE_OBJC_WEAK = YES;
				CLANG_WARN_BLOCK_CAPTURE_AUTORELEASING = YES;
				CLANG_WARN_BOOL_CONVERSION = YES;
				CLANG_WARN_COMMA = YES;
				CLANG_WARN_CONSTANT_CONVERSION = YES;
				CLANG_WARN_DEPRECATED_OBJC_IMPLEMENTATIONS = YES;
				CLANG_WARN_DIRECT_OBJC_ISA_USAGE = YES_ERROR;
				CLANG_WARN_DOCUMENTATION_COMMENTS = YES;
				CLANG_WARN_EMPTY_BODY = YES;
				CLANG_WARN_ENUM_CONVERSION = YES;
				CLANG_WARN_INFINITE_RECURSION = YES;
				CLANG_WARN_INT_CONVERSION = YES;
				CLANG_WARN_NON_LITERAL_NULL_CONVERSION = YES;
				CLANG_WARN_OBJC_IMPLICIT_RETAIN_SELF = YES;
				CLANG_WARN_OBJC_LITERAL_CONVERSION = YES;
				CLANG_WARN_OBJC_ROOT_CLASS = YES_ERROR;
				CLANG_WARN_RANGE_LOOP_ANALYSIS = YES;
				CLANG_WARN_STRICT_PROTOTYPES = YES;
				CLANG_WARN_SUSPICIOUS_MOVE = YES;
				CLANG_WARN_UNGUARDED_AVAILABILITY = YES_AGGRESSIVE;
				CLANG_WARN_UNREACHABLE_CODE = YES;
				CLANG_WARN__DUPLICATE_METHOD_MATCH = YES;
				CODE_SIGN_IDENTITY = "iPhone Developer";
				COPY_PHASE_STRIP = NO;
				DEBUG_INFORMATION_FORMAT = dwarf;
				ENABLE_STRICT_OBJC_MSGSEND = YES;
				ENABLE_TESTABILITY = YES;
				GCC_C_LANGUAGE_STANDARD = gnu11;
				GCC_DYNAMIC_NO_PIC = NO;
				GCC_NO_COMMON_BLOCKS = YES;
				GCC_OPTIMIZATION_LEVEL = 0;
				GCC_PREPROCESSOR_DEFINITIONS = (
					"DEBUG=1",
					"$(inherited)",
				);
				GCC_WARN_64_TO_32_BIT_CONVERSION = YES;
				GCC_WARN_ABOUT_RETURN_TYPE = YES_ERROR;
				GCC_WARN_UNDECLARED_SELECTOR = YES;
				GCC_WARN_UNINITIALIZED_AUTOS = YES_AGGRESSIVE;
				GCC_WARN_UNUSED_FUNCTION = YES;
				GCC_WARN_UNUSED_VARIABLE = YES;
				IPHONEOS_DEPLOYMENT_TARGET = 11.4;
				MTL_ENABLE_DEBUG_INFO = YES;
				ONLY_ACTIVE_ARCH = YES;
				SDKROOT = iphoneos;
				SWIFT_ACTIVE_COMPILATION_CONDITIONS = DEBUG;
				SWIFT_OPTIMIZATION_LEVEL = "-Onone";
			};
			name = Debug;
		};
		07FD9B4C232CEA2B0028D082 /* Release */ = {
			isa = XCBuildConfiguration;
			buildSettings = {
				ALWAYS_SEARCH_USER_PATHS = NO;
				CLANG_ANALYZER_NONNULL = YES;
				CLANG_ANALYZER_NUMBER_OBJECT_CONVERSION = YES_AGGRESSIVE;
				CLANG_CXX_LANGUAGE_STANDARD = "gnu++14";
				CLANG_CXX_LIBRARY = "libc++";
				CLANG_ENABLE_MODULES = YES;
				CLANG_ENABLE_OBJC_ARC = YES;
				CLANG_ENABLE_OBJC_WEAK = YES;
				CLANG_WARN_BLOCK_CAPTURE_AUTORELEASING = YES;
				CLANG_WARN_BOOL_CONVERSION = YES;
				CLANG_WARN_COMMA = YES;
				CLANG_WARN_CONSTANT_CONVERSION = YES;
				CLANG_WARN_DEPRECATED_OBJC_IMPLEMENTATIONS = YES;
				CLANG_WARN_DIRECT_OBJC_ISA_USAGE = YES_ERROR;
				CLANG_WARN_DOCUMENTATION_COMMENTS = YES;
				CLANG_WARN_EMPTY_BODY = YES;
				CLANG_WARN_ENUM_CONVERSION = YES;
				CLANG_WARN_INFINITE_RECURSION = YES;
				CLANG_WARN_INT_CONVERSION = YES;
				CLANG_WARN_NON_LITERAL_NULL_CONVERSION = YES;
				CLANG_WARN_OBJC_IMPLICIT_RETAIN_SELF = YES;
				CLANG_WARN_OBJC_LITERAL_CONVERSION = YES;
				CLANG_WARN_OBJC_ROOT_CLASS = YES_ERROR;
				CLANG_WARN_RANGE_LOOP_ANALYSIS = YES;
				CLANG_WARN_STRICT_PROTOTYPES = YES;
				CLANG_WARN_SUSPICIOUS_MOVE = YES;
				CLANG_WARN_UNGUARDED_AVAILABILITY = YES_AGGRESSIVE;
				CLANG_WARN_UNREACHABLE_CODE = YES;
				CLANG_WARN__DUPLICATE_METHOD_MATCH = YES;
				CODE_SIGN_IDENTITY = "iPhone Developer";
				COPY_PHASE_STRIP = NO;
				DEBUG_INFORMATION_FORMAT = "dwarf-with-dsym";
				ENABLE_NS_ASSERTIONS = NO;
				ENABLE_STRICT_OBJC_MSGSEND = YES;
				GCC_C_LANGUAGE_STANDARD = gnu11;
				GCC_NO_COMMON_BLOCKS = YES;
				GCC_WARN_64_TO_32_BIT_CONVERSION = YES;
				GCC_WARN_ABOUT_RETURN_TYPE = YES_ERROR;
				GCC_WARN_UNDECLARED_SELECTOR = YES;
				GCC_WARN_UNINITIALIZED_AUTOS = YES_AGGRESSIVE;
				GCC_WARN_UNUSED_FUNCTION = YES;
				GCC_WARN_UNUSED_VARIABLE = YES;
				IPHONEOS_DEPLOYMENT_TARGET = 11.4;
				MTL_ENABLE_DEBUG_INFO = NO;
				SDKROOT = iphoneos;
				SWIFT_COMPILATION_MODE = wholemodule;
				SWIFT_OPTIMIZATION_LEVEL = "-O";
				VALIDATE_PRODUCT = YES;
			};
			name = Release;
		};
		07FD9B4E232CEA2B0028D082 /* Debug */ = {
			isa = XCBuildConfiguration;
			buildSettings = {
				ASSETCATALOG_COMPILER_APPICON_NAME = AppIcon;
				CODE_SIGN_STYLE = Automatic;
				INFOPLIST_FILE = PopUpProject/Info.plist;
				LD_RUNPATH_SEARCH_PATHS = (
					"$(inherited)",
					"@executable_path/Frameworks",
				);
				PRODUCT_BUNDLE_IDENTIFIER = com.testtool.com.PopUpProject;
				PRODUCT_NAME = "$(TARGET_NAME)";
				SWIFT_VERSION = 4.0;
				TARGETED_DEVICE_FAMILY = "1,2";
			};
			name = Debug;
		};
		07FD9B4F232CEA2B0028D082 /* Release */ = {
			isa = XCBuildConfiguration;
			buildSettings = {
				ASSETCATALOG_COMPILER_APPICON_NAME = AppIcon;
				CODE_SIGN_STYLE = Automatic;
				INFOPLIST_FILE = PopUpProject/Info.plist;
				LD_RUNPATH_SEARCH_PATHS = (
					"$(inherited)",
					"@executable_path/Frameworks",
				);
				PRODUCT_BUNDLE_IDENTIFIER = com.testtool.com.PopUpProject;
				PRODUCT_NAME = "$(TARGET_NAME)";
				SWIFT_VERSION = 4.0;
				TARGETED_DEVICE_FAMILY = "1,2";
			};
			name = Release;
		};
/* End XCBuildConfiguration section */

/* Begin XCConfigurationList section */
		07FD9B33232CE9DB0028D082 /* Build configuration list for PBXProject "PopUpProject" */ = {
			isa = XCConfigurationList;
			buildConfigurations = (
				07FD9B4B232CEA2A0028D082 /* Debug */,
				07FD9B4C232CEA2B0028D082 /* Release */,
			);
			defaultConfigurationIsVisible = 0;
			defaultConfigurationName = Release;
		};
		07FD9B4D232CEA2B0028D082 /* Build configuration list for PBXNativeTarget "PopUpProject" */ = {
			isa = XCConfigurationList;
			buildConfigurations = (
				07FD9B4E232CEA2B0028D082 /* Debug */,
				07FD9B4F232CEA2B0028D082 /* Release */,
			);
			defaultConfigurationIsVisible = 0;
			defaultConfigurationName = Release;
		};
/* End XCConfigurationList section */

/* Begin XCVersionGroup section */
		07FD9B42232CE9E80028D082 /* PopUpProject.xcdatamodeld */ = {
			isa = XCVersionGroup;
			children = (
				07FD9B43232CE9E80028D082 /* PopUpProject.xcdatamodel */,
			);
			currentVersion = 07FD9B43232CE9E80028D082 /* PopUpProject.xcdatamodel */;
			path = PopUpProject.xcdatamodeld;
			sourceTree = "<group>";
			versionGroupType = wrapper.xcdatamodel;
		};
/* End XCVersionGroup section */
	};
	rootObject = 07FD9B30232CE9DB0028D082 /* Project object */;
}
